
Microsoft Visual Studio Solution File, Format Version 12.00
# Visual Studio 15
VisualStudioVersion = 15.0.27703.2000
MinimumVisualStudioVersion = 10.0.40219.1
Project("{FAE04EC0-301F-11D3-BF4B-00C04F79EFBC}") = "WpfApp1", "WpfApp1\WpfApp1.csproj", "{705954DF-AE17-461B-8235-425A33F42663}"
EndProject
Project("{FAE04EC0-301F-11D3-BF4B-00C04F79EFBC}") = "pc", "pc\pc.csproj", "{11B9E5E1-FA2F-40BF-A55C-1415F3F16DAB}"
EndProject
Global
	GlobalSection(SolutionConfigurationPlatforms) = preSolution
		Debug|Any CPU = Debug|Any CPU
		Release|Any CPU = Release|Any CPU
	EndGlobalSection
	GlobalSection(ProjectConfigurationPlatforms) = postSolution
		{705954DF-AE17-461B-8235-425A33F42663}.Debug|Any CPU.ActiveCfg = Debug|Any CPU
		{705954DF-AE17-461B-8235-425A33F42663}.Debug|Any CPU.Build.0 = Debug|Any CPU
		{705954DF-AE17-461B-8235-425A33F42663}.Release|Any CPU.ActiveCfg = Release|Any CPU
		{705954DF-AE17-461B-8235-425A33F42663}.Release|Any CPU.Build.0 = Release|Any CPU
		{11B9E5E1-FA2F-40BF-A55C-1415F3F16DAB}.Debug|Any CPU.ActiveCfg = Debug|Any CPU
		{11B9E5E1-FA2F-40BF-A55C-1415F3F16DAB}.Debug|Any CPU.Build.0 = Debug|Any CPU
		{11B9E5E1-FA2F-40BF-A55C-1415F3F16DAB}.Release|Any CPU.ActiveCfg = Release|Any CPU
		{11B9E5E1-FA2F-40BF-A55C-1415F3F16DAB}.Release|Any CPU.Build.0 = Release|Any CPU
	EndGlobalSection
	GlobalSection(SolutionProperties) = preSolution
		HideSolutionNode = FALSE
	EndGlobalSection
	GlobalSection(ExtensibilityGlobals) = postSolution
		SolutionGuid = {705CF460-758E-4F3D-B439-675C1A54BC01}
	EndGlobalSection
EndGlobal
